// !$*UTF8*$!
{
	archiveVersion = 1;
	classes = {
	};
	objectVersion = 77;
	objects = {

/* Begin PBXContainerItemProxy section */
		7B548AEC2D67674000880796 /* PBXContainerItemProxy */ = {
			isa = PBXContainerItemProxy;
			containerPortal = 7B548AD32D67673F00880796 /* Project object */;
			proxyType = 1;
			remoteGlobalIDString = 7B548ADA2D67673F00880796;
			remoteInfo = URLProtocol_APITesting;
		};
		7B548AF62D67674000880796 /* PBXContainerItemProxy */ = {
			isa = PBXContainerItemProxy;
			containerPortal = 7B548AD32D67673F00880796 /* Project object */;
			proxyType = 1;
			remoteGlobalIDString = 7B548ADA2D67673F00880796;
			remoteInfo = URLProtocol_APITesting;
		};
/* End PBXContainerItemProxy section */

/* Begin PBXFileReference section */
		7B548ADB2D67673F00880796 /* URLProtocol_APITesting.app */ = {isa = PBXFileReference; explicitFileType = wrapper.application; includeInIndex = 0; path = URLProtocol_APITesting.app; sourceTree = BUILT_PRODUCTS_DIR; };
		7B548AEB2D67674000880796 /* URLProtocol_APITestingTests.xctest */ = {isa = PBXFileReference; explicitFileType = wrapper.cfbundle; includeInIndex = 0; path = URLProtocol_APITestingTests.xctest; sourceTree = BUILT_PRODUCTS_DIR; };
		7B548AF52D67674000880796 /* URLProtocol_APITestingUITests.xctest */ = {isa = PBXFileReference; explicitFileType = wrapper.cfbundle; includeInIndex = 0; path = URLProtocol_APITestingUITests.xctest; sourceTree = BUILT_PRODUCTS_DIR; };
/* End PBXFileReference section */

/* Begin PBXFileSystemSynchronizedRootGroup section */
		7B548ADD2D67673F00880796 /* URLProtocol_APITesting */ = {
			isa = PBXFileSystemSynchronizedRootGroup;
			path = URLProtocol_APITesting;
			sourceTree = "<group>";
		};
		7B548AEE2D67674000880796 /* URLProtocol_APITestingTests */ = {
			isa = PBXFileSystemSynchronizedRootGroup;
			path = URLProtocol_APITestingTests;
			sourceTree = "<group>";
		};
		7B548AF82D67674000880796 /* URLProtocol_APITestingUITests */ = {
			isa = PBXFileSystemSynchronizedRootGroup;
			path = URLProtocol_APITestingUITests;
			sourceTree = "<group>";
		};
/* End PBXFileSystemSynchronizedRootGroup section */

/* Begin PBXFrameworksBuildPhase section */
		7B548AD82D67673F00880796 /* Frameworks */ = {
			isa = PBXFrameworksBuildPhase;
			buildActionMask = 2147483647;
			files = (
			);
			runOnlyForDeploymentPostprocessing = 0;
		};
		7B548AE82D67674000880796 /* Frameworks */ = {
			isa = PBXFrameworksBuildPhase;
			buildActionMask = 2147483647;
			files = (
			);
			runOnlyForDeploymentPostprocessing = 0;
		};
		7B548AF22D67674000880796 /* Frameworks */ = {
			isa = PBXFrameworksBuildPhase;
			buildActionMask = 2147483647;
			files = (
			);
			runOnlyForDeploymentPostprocessing = 0;
		};
/* End PBXFrameworksBuildPhase section */

/* Begin PBXGroup section */
		7B548AD22D67673F00880796 = {
			isa = PBXGroup;
			children = (
				7B548ADD2D67673F00880796 /* URLProtocol_APITesting */,
				7B548AEE2D67674000880796 /* URLProtocol_APITestingTests */,
				7B548AF82D67674000880796 /* URLProtocol_APITestingUITests */,
				7B548ADC2D67673F00880796 /* Products */,
			);
			sourceTree = "<group>";
		};
		7B548ADC2D67673F00880796 /* Products */ = {
			isa = PBXGroup;
			children = (
				7B548ADB2D67673F00880796 /* URLProtocol_APITesting.app */,
				7B548AEB2D67674000880796 /* URLProtocol_APITestingTests.xctest */,
				7B548AF52D67674000880796 /* URLProtocol_APITestingUITests.xctest */,
			);
			name = Products;
			sourceTree = "<group>";
		};
/* End PBXGroup section */

/* Begin PBXNativeTarget section */
		7B548ADA2D67673F00880796 /* URLProtocol_APITesting */ = {
			isa = PBXNativeTarget;
			buildConfigurationList = 7B548AFF2D67674000880796 /* Build configuration list for PBXNativeTarget "URLProtocol_APITesting" */;
			buildPhases = (
				7B548AD72D67673F00880796 /* Sources */,
				7B548AD82D67673F00880796 /* Frameworks */,
				7B548AD92D67673F00880796 /* Resources */,
			);
			buildRules = (
			);
			dependencies = (
			);
			fileSystemSynchronizedGroups = (
				7B548ADD2D67673F00880796 /* URLProtocol_APITesting */,
			);
			name = URLProtocol_APITesting;
			packageProductDependencies = (
			);
			productName = URLProtocol_APITesting;
			productReference = 7B548ADB2D67673F00880796 /* URLProtocol_APITesting.app */;
			productType = "com.apple.product-type.application";
		};
		7B548AEA2D67674000880796 /* URLProtocol_APITestingTests */ = {
			isa = PBXNativeTarget;
			buildConfigurationList = 7B548B022D67674000880796 /* Build configuration list for PBXNativeTarget "URLProtocol_APITestingTests" */;
			buildPhases = (
				7B548AE72D67674000880796 /* Sources */,
				7B548AE82D67674000880796 /* Frameworks */,
				7B548AE92D67674000880796 /* Resources */,
			);
			buildRules = (
			);
			dependencies = (
				7B548AED2D67674000880796 /* PBXTargetDependency */,
			);
			fileSystemSynchronizedGroups = (
				7B548AEE2D67674000880796 /* URLProtocol_APITestingTests */,
			);
			name = URLProtocol_APITestingTests;
			packageProductDependencies = (
			);
			productName = URLProtocol_APITestingTests;
			productReference = 7B548AEB2D67674000880796 /* URLProtocol_APITestingTests.xctest */;
			productType = "com.apple.product-type.bundle.unit-test";
		};
		7B548AF42D67674000880796 /* URLProtocol_APITestingUITests */ = {
			isa = PBXNativeTarget;
			buildConfigurationList = 7B548B052D67674000880796 /* Build configuration list for PBXNativeTarget "URLProtocol_APITestingUITests" */;
			buildPhases = (
				7B548AF12D67674000880796 /* Sources */,
				7B548AF22D67674000880796 /* Frameworks */,
				7B548AF32D67674000880796 /* Resources */,
			);
			buildRules = (
			);
			dependencies = (
				7B548AF72D67674000880796 /* PBXTargetDependency */,
			);
			fileSystemSynchronizedGroups = (
				7B548AF82D67674000880796 /* URLProtocol_APITestingUITests */,
			);
			name = URLProtocol_APITestingUITests;
			packageProductDependencies = (
			);
			productName = URLProtocol_APITestingUITests;
			productReference = 7B548AF52D67674000880796 /* URLProtocol_APITestingUITests.xctest */;
			productType = "com.apple.product-type.bundle.ui-testing";
		};
/* End PBXNativeTarget section */

/* Begin PBXProject section */
		7B548AD32D67673F00880796 /* Project object */ = {
			isa = PBXProject;
			attributes = {
				BuildIndependentTargetsInParallel = 1;
				LastSwiftUpdateCheck = 1610;
				LastUpgradeCheck = 1610;
				TargetAttributes = {
					7B548ADA2D67673F00880796 = {
						CreatedOnToolsVersion = 16.1;
					};
					7B548AEA2D67674000880796 = {
						CreatedOnToolsVersion = 16.1;
						TestTargetID = 7B548ADA2D67673F00880796;
					};
					7B548AF42D67674000880796 = {
						CreatedOnToolsVersion = 16.1;
						TestTargetID = 7B548ADA2D67673F00880796;
					};
				};
			};
			buildConfigurationList = 7B548AD62D67673F00880796 /* Build configuration list for PBXProject "URLProtocol_APITesting" */;
			developmentRegion = en;
			hasScannedForEncodings = 0;
			knownRegions = (
				en,
				Base,
			);
			mainGroup = 7B548AD22D67673F00880796;
			minimizedProjectReferenceProxies = 1;
			preferredProjectObjectVersion = 77;
			productRefGroup = 7B548ADC2D67673F00880796 /* Products */;
			projectDirPath = "";
			projectRoot = "";
			targets = (
				7B548ADA2D67673F00880796 /* URLProtocol_APITesting */,
				7B548AEA2D67674000880796 /* URLProtocol_APITestingTests */,
				7B548AF42D67674000880796 /* URLProtocol_APITestingUITests */,
			);
		};
/* End PBXProject section */

/* Begin PBXResourcesBuildPhase section */
		7B548AD92D67673F00880796 /* Resources */ = {
			isa = PBXResourcesBuildPhase;
			buildActionMask = 2147483647;
			files = (
			);
			runOnlyForDeploymentPostprocessing = 0;
		};
		7B548AE92D67674000880796 /* Resources */ = {
			isa = PBXResourcesBuildPhase;
			buildActionMask = 2147483647;
			files = (
			);
			runOnlyForDeploymentPostprocessing = 0;
		};
		7B548AF32D67674000880796 /* Resources */ = {
			isa = PBXResourcesBuildPhase;
			buildActionMask = 2147483647;
			files = (
			);
			runOnlyForDeploymentPostprocessing = 0;
		};
/* End PBXResourcesBuildPhase section */

/* Begin PBXSourcesBuildPhase section */
		7B548AD72D67673F00880796 /* Sources */ = {
			isa = PBXSourcesBuildPhase;
			buildActionMask = 2147483647;
			files = (
			);
			runOnlyForDeploymentPostprocessing = 0;
		};
		7B548AE72D67674000880796 /* Sources */ = {
			isa = PBXSourcesBuildPhase;
			buildActionMask = 2147483647;
			files = (
			);
			runOnlyForDeploymentPostprocessing = 0;
		};
		7B548AF12D67674000880796 /* Sources */ = {
			isa = PBXSourcesBuildPhase;
			buildActionMask = 2147483647;
			files = (
			);
			runOnlyForDeploymentPostprocessing = 0;
		};
/* End PBXSourcesBuildPhase section */

/* Begin PBXTargetDependency section */
		7B548AED2D67674000880796 /* PBXTargetDependency */ = {
			isa = PBXTargetDependency;
			target = 7B548ADA2D67673F00880796 /* URLProtocol_APITesting */;
			targetProxy = 7B548AEC2D67674000880796 /* PBXContainerItemProxy */;
		};
		7B548AF72D67674000880796 /* PBXTargetDependency */ = {
			isa = PBXTargetDependency;
			target = 7B548ADA2D67673F00880796 /* URLProtocol_APITesting */;
			targetProxy = 7B548AF62D67674000880796 /* PBXContainerItemProxy */;
		};
/* End PBXTargetDependency section */

/* Begin XCBuildConfiguration section */
		7B548AFD2D67674000880796 /* Debug */ = {
			isa = XCBuildConfiguration;
			buildSettings = {
				ALWAYS_SEARCH_USER_PATHS = NO;
				ASSETCATALOG_COMPILER_GENERATE_SWIFT_ASSET_SYMBOL_EXTENSIONS = YES;
				CLANG_ANALYZER_NONNULL = YES;
				CLANG_ANALYZER_NUMBER_OBJECT_CONVERSION = YES_AGGRESSIVE;
				CLANG_CXX_LANGUAGE_STANDARD = "gnu++20";
				CLANG_ENABLE_MODULES = YES;
				CLANG_ENABLE_OBJC_ARC = YES;
				CLANG_ENABLE_OBJC_WEAK = YES;
				CLANG_WARN_BLOCK_CAPTURE_AUTORELEASING = YES;
				CLANG_WARN_BOOL_CONVERSION = YES;
				CLANG_WARN_COMMA = YES;
				CLANG_WARN_CONSTANT_CONVERSION = YES;
				CLANG_WARN_DEPRECATED_OBJC_IMPLEMENTATIONS = YES;
				CLANG_WARN_DIRECT_OBJC_ISA_USAGE = YES_ERROR;
				CLANG_WARN_DOCUMENTATION_COMMENTS = YES;
				CLANG_WARN_EMPTY_BODY = YES;
				CLANG_WARN_ENUM_CONVERSION = YES;
				CLANG_WARN_INFINITE_RECURSION = YES;
				CLANG_WARN_INT_CONVERSION = YES;
				CLANG_WARN_NON_LITERAL_NULL_CONVERSION = YES;
				CLANG_WARN_OBJC_IMPLICIT_RETAIN_SELF = YES;
				CLANG_WARN_OBJC_LITERAL_CONVERSION = YES;
				CLANG_WARN_OBJC_ROOT_CLASS = YES_ERROR;
				CLANG_WARN_QUOTED_INCLUDE_IN_FRAMEWORK_HEADER = YES;
				CLANG_WARN_RANGE_LOOP_ANALYSIS = YES;
				CLANG_WARN_STRICT_PROTOTYPES = YES;
				CLANG_WARN_SUSPICIOUS_MOVE = YES;
				CLANG_WARN_UNGUARDED_AVAILABILITY = YES_AGGRESSIVE;
				CLANG_WARN_UNREACHABLE_CODE = YES;
				CLANG_WARN__DUPLICATE_METHOD_MATCH = YES;
				COPY_PHASE_STRIP = NO;
				DEBUG_INFORMATION_FORMAT = dwarf;
				ENABLE_STRICT_OBJC_MSGSEND = YES;
				ENABLE_TESTABILITY = YES;
				ENABLE_USER_SCRIPT_SANDBOXING = YES;
				GCC_C_LANGUAGE_STANDARD = gnu17;
				GCC_DYNAMIC_NO_PIC = NO;
				GCC_NO_COMMON_BLOCKS = YES;
				GCC_OPTIMIZATION_LEVEL = 0;
				GCC_PREPROCESSOR_DEFINITIONS = (
					"DEBUG=1",
					"$(inherited)",
				);
				GCC_WARN_64_TO_32_BIT_CONVERSION = YES;
				GCC_WARN_ABOUT_RETURN_TYPE = YES_ERROR;
				GCC_WARN_UNDECLARED_SELECTOR = YES;
				GCC_WARN_UNINITIALIZED_AUTOS = YES_AGGRESSIVE;
				GCC_WARN_UNUSED_FUNCTION = YES;
				GCC_WARN_UNUSED_VARIABLE = YES;
				IPHONEOS_DEPLOYMENT_TARGET = 18.1;
				LOCALIZATION_PREFERS_STRING_CATALOGS = YES;
				MTL_ENABLE_DEBUG_INFO = INCLUDE_SOURCE;
				MTL_FAST_MATH = YES;
				ONLY_ACTIVE_ARCH = YES;
				SDKROOT = iphoneos;
				SWIFT_ACTIVE_COMPILATION_CONDITIONS = "DEBUG $(inherited)";
				SWIFT_OPTIMIZATION_LEVEL = "-Onone";
			};
			name = Debug;
		};
		7B548AFE2D67674000880796 /* Release */ = {
			isa = XCBuildConfiguration;
			buildSettings = {
				ALWAYS_SEARCH_USER_PATHS = NO;
				ASSETCATALOG_COMPILER_GENERATE_SWIFT_ASSET_SYMBOL_EXTENSIONS = YES;
				CLANG_ANALYZER_NONNULL = YES;
				CLANG_ANALYZER_NUMBER_OBJECT_CONVERSION = YES_AGGRESSIVE;
				CLANG_CXX_LANGUAGE_STANDARD = "gnu++20";
				CLANG_ENABLE_MODULES = YES;
				CLANG_ENABLE_OBJC_ARC = YES;
				CLANG_ENABLE_OBJC_WEAK = YES;
				CLANG_WARN_BLOCK_CAPTURE_AUTORELEASING = YES;
				CLANG_WARN_BOOL_CONVERSION = YES;
				CLANG_WARN_COMMA = YES;
				CLANG_WARN_CONSTANT_CONVERSION = YES;
				CLANG_WARN_DEPRECATED_OBJC_IMPLEMENTATIONS = YES;
				CLANG_WARN_DIRECT_OBJC_ISA_USAGE = YES_ERROR;
				CLANG_WARN_DOCUMENTATION_COMMENTS = YES;
				CLANG_WARN_EMPTY_BODY = YES;
				CLANG_WARN_ENUM_CONVERSION = YES;
				CLANG_WARN_INFINITE_RECURSION = YES;
				CLANG_WARN_INT_CONVERSION = YES;
				CLANG_WARN_NON_LITERAL_NULL_CONVERSION = YES;
				CLANG_WARN_OBJC_IMPLICIT_RETAIN_SELF = YES;
				CLANG_WARN_OBJC_LITERAL_CONVERSION = YES;
				CLANG_WARN_OBJC_ROOT_CLASS = YES_ERROR;
				CLANG_WARN_QUOTED_INCLUDE_IN_FRAMEWORK_HEADER = YES;
				CLANG_WARN_RANGE_LOOP_ANALYSIS = YES;
				CLANG_WARN_STRICT_PROTOTYPES = YES;
				CLANG_WARN_SUSPICIOUS_MOVE = YES;
				CLANG_WARN_UNGUARDED_AVAILABILITY = YES_AGGRESSIVE;
				CLANG_WARN_UNREACHABLE_CODE = YES;
				CLANG_WARN__DUPLICATE_METHOD_MATCH = YES;
				COPY_PHASE_STRIP = NO;
				DEBUG_INFORMATION_FORMAT = "dwarf-with-dsym";
				ENABLE_NS_ASSERTIONS = NO;
				ENABLE_STRICT_OBJC_MSGSEND = YES;
				ENABLE_USER_SCRIPT_SANDBOXING = YES;
				GCC_C_LANGUAGE_STANDARD = gnu17;
				GCC_NO_COMMON_BLOCKS = YES;
				GCC_WARN_64_TO_32_BIT_CONVERSION = YES;
				GCC_WARN_ABOUT_RETURN_TYPE = YES_ERROR;
				GCC_WARN_UNDECLARED_SELECTOR = YES;
				GCC_WARN_UNINITIALIZED_AUTOS = YES_AGGRESSIVE;
				GCC_WARN_UNUSED_FUNCTION = YES;
				GCC_WARN_UNUSED_VARIABLE = YES;
				IPHONEOS_DEPLOYMENT_TARGET = 18.1;
				LOCALIZATION_PREFERS_STRING_CATALOGS = YES;
				MTL_ENABLE_DEBUG_INFO = NO;
				MTL_FAST_MATH = YES;
				SDKROOT = iphoneos;
				SWIFT_COMPILATION_MODE = wholemodule;
				VALIDATE_PRODUCT = YES;
			};
			name = Release;
		};
		7B548B002D67674000880796 /* Debug */ = {
			isa = XCBuildConfiguration;
			buildSettings = {
				ASSETCATALOG_COMPILER_APPICON_NAME = AppIcon;
				ASSETCATALOG_COMPILER_GLOBAL_ACCENT_COLOR_NAME = AccentColor;
				CODE_SIGN_STYLE = Automatic;
				CURRENT_PROJECT_VERSION = 1;
				DEVELOPMENT_ASSET_PATHS = "\"URLProtocol_APITesting/Preview Content\"";
				DEVELOPMENT_TEAM = 274HLPKXV5;
				ENABLE_PREVIEWS = YES;
				GENERATE_INFOPLIST_FILE = YES;
				INFOPLIST_KEY_UIApplicationSceneManifest_Generation = YES;
				INFOPLIST_KEY_UIApplicationSupportsIndirectInputEvents = YES;
				INFOPLIST_KEY_UILaunchScreen_Generation = YES;
				INFOPLIST_KEY_UISupportedInterfaceOrientations_iPad = "UIInterfaceOrientationPortrait UIInterfaceOrientationPortraitUpsideDown UIInterfaceOrientationLandscapeLeft UIInterfaceOrientationLandscapeRight";
				INFOPLIST_KEY_UISupportedInterfaceOrientations_iPhone = "UIInterfaceOrientationPortrait UIInterfaceOrientationLandscapeLeft UIInterfaceOrientationLandscapeRight";
				LD_RUNPATH_SEARCH_PATHS = (
					"$(inherited)",
					"@executable_path/Frameworks",
				);
				MARKETING_VERSION = 1.0;
				PRODUCT_BUNDLE_IDENTIFIER = "com.SmileSoft.com.URLProtocol-APITesting";
				PRODUCT_NAME = "$(TARGET_NAME)";
				SWIFT_EMIT_LOC_STRINGS = YES;
				SWIFT_VERSION = 5.0;
				TARGETED_DEVICE_FAMILY = "1,2";
			};
			name = Debug;
		};
		7B548B012D67674000880796 /* Release */ = {
			isa = XCBuildConfiguration;
			buildSettings = {
				ASSETCATALOG_COMPILER_APPICON_NAME = AppIcon;
				ASSETCATALOG_COMPILER_GLOBAL_ACCENT_COLOR_NAME = AccentColor;
				CODE_SIGN_STYLE = Automatic;
				CURRENT_PROJECT_VERSION = 1;
				DEVELOPMENT_ASSET_PATHS = "\"URLProtocol_APITesting/Preview Content\"";
				DEVELOPMENT_TEAM = 274HLPKXV5;
				ENABLE_PREVIEWS = YES;
				GENERATE_INFOPLIST_FILE = YES;
				INFOPLIST_KEY_UIApplicationSceneManifest_Generation = YES;
				INFOPLIST_KEY_UIApplicationSupportsIndirectInputEvents = YES;
				INFOPLIST_KEY_UILaunchScreen_Generation = YES;
				INFOPLIST_KEY_UISupportedInterfaceOrientations_iPad = "UIInterfaceOrientationPortrait UIInterfaceOrientationPortraitUpsideDown UIInterfaceOrientationLandscapeLeft UIInterfaceOrientationLandscapeRight";
				INFOPLIST_KEY_UISupportedInterfaceOrientations_iPhone = "UIInterfaceOrientationPortrait UIInterfaceOrientationLandscapeLeft UIInterfaceOrientationLandscapeRight";
				LD_RUNPATH_SEARCH_PATHS = (
					"$(inherited)",
					"@executable_path/Frameworks",
				);
				MARKETING_VERSION = 1.0;
				PRODUCT_BUNDLE_IDENTIFIER = "com.SmileSoft.com.URLProtocol-APITesting";
				PRODUCT_NAME = "$(TARGET_NAME)";
				SWIFT_EMIT_LOC_STRINGS = YES;
				SWIFT_VERSION = 5.0;
				TARGETED_DEVICE_FAMILY = "1,2";
			};
			name = Release;
		};
		7B548B032D67674000880796 /* Debug */ = {
			isa = XCBuildConfiguration;
			buildSettings = {
				BUNDLE_LOADER = "$(TEST_HOST)";
				CODE_SIGN_STYLE = Automatic;
				CURRENT_PROJECT_VERSION = 1;
				DEVELOPMENT_TEAM = 274HLPKXV5;
				GENERATE_INFOPLIST_FILE = YES;
				IPHONEOS_DEPLOYMENT_TARGET = 18.1;
				MARKETING_VERSION = 1.0;
				PRODUCT_BUNDLE_IDENTIFIER = "com.SmileSoft.com.URLProtocol-APITestingTests";
				PRODUCT_NAME = "$(TARGET_NAME)";
				SWIFT_EMIT_LOC_STRINGS = NO;
				SWIFT_VERSION = 5.0;
				TARGETED_DEVICE_FAMILY = "1,2";
				TEST_HOST = "$(BUILT_PRODUCTS_DIR)/URLProtocol_APITesting.app/$(BUNDLE_EXECUTABLE_FOLDER_PATH)/URLProtocol_APITesting";
			};
			name = Debug;
		};
		7B548B042D67674000880796 /* Release */ = {
			isa = XCBuildConfiguration;
			buildSettings = {
				BUNDLE_LOADER = "$(TEST_HOST)";
				CODE_SIGN_STYLE = Automatic;
				CURRENT_PROJECT_VERSION = 1;
				DEVELOPMENT_TEAM = 274HLPKXV5;
				GENERATE_INFOPLIST_FILE = YES;
				IPHONEOS_DEPLOYMENT_TARGET = 18.1;
				MARKETING_VERSION = 1.0;
				PRODUCT_BUNDLE_IDENTIFIER = "com.SmileSoft.com.URLProtocol-APITestingTests";
				PRODUCT_NAME = "$(TARGET_NAME)";
				SWIFT_EMIT_LOC_STRINGS = NO;
				SWIFT_VERSION = 5.0;
				TARGETED_DEVICE_FAMILY = "1,2";
				TEST_HOST = "$(BUILT_PRODUCTS_DIR)/URLProtocol_APITesting.app/$(BUNDLE_EXECUTABLE_FOLDER_PATH)/URLProtocol_APITesting";
			};
			name = Release;
		};
		7B548B062D67674000880796 /* Debug */ = {
			isa = XCBuildConfiguration;
			buildSettings = {
				CODE_SIGN_STYLE = Automatic;
				CURRENT_PROJECT_VERSION = 1;
				DEVELOPMENT_TEAM = 274HLPKXV5;
				GENERATE_INFOPLIST_FILE = YES;
				MARKETING_VERSION = 1.0;
				PRODUCT_BUNDLE_IDENTIFIER = "com.SmileSoft.com.URLProtocol-APITestingUITests";
				PRODUCT_NAME = "$(TARGET_NAME)";
				SWIFT_EMIT_LOC_STRINGS = NO;
				SWIFT_VERSION = 5.0;
				TARGETED_DEVICE_FAMILY = "1,2";
				TEST_TARGET_NAME = URLProtocol_APITesting;
			};
			name = Debug;
		};
		7B548B072D67674000880796 /* Release */ = {
			isa = XCBuildConfiguration;
			buildSettings = {
				CODE_SIGN_STYLE = Automatic;
				CURRENT_PROJECT_VERSION = 1;
				DEVELOPMENT_TEAM = 274HLPKXV5;
				GENERATE_INFOPLIST_FILE = YES;
				MARKETING_VERSION = 1.0;
				PRODUCT_BUNDLE_IDENTIFIER = "com.SmileSoft.com.URLProtocol-APITestingUITests";
				PRODUCT_NAME = "$(TARGET_NAME)";
				SWIFT_EMIT_LOC_STRINGS = NO;
				SWIFT_VERSION = 5.0;
				TARGETED_DEVICE_FAMILY = "1,2";
				TEST_TARGET_NAME = URLProtocol_APITesting;
			};
			name = Release;
		};
/* End XCBuildConfiguration section */

/* Begin XCConfigurationList section */
		7B548AD62D67673F00880796 /* Build configuration list for PBXProject "URLProtocol_APITesting" */ = {
			isa = XCConfigurationList;
			buildConfigurations = (
				7B548AFD2D67674000880796 /* Debug */,
				7B548AFE2D67674000880796 /* Release */,
			);
			defaultConfigurationIsVisible = 0;
			defaultConfigurationName = Release;
		};
		7B548AFF2D67674000880796 /* Build configuration list for PBXNativeTarget "URLProtocol_APITesting" */ = {
			isa = XCConfigurationList;
			buildConfigurations = (
				7B548B002D67674000880796 /* Debug */,
				7B548B012D67674000880796 /* Release */,
			);
			defaultConfigurationIsVisible = 0;
			defaultConfigurationName = Release;
		};
		7B548B022D67674000880796 /* Build configuration list for PBXNativeTarget "URLProtocol_APITestingTests" */ = {
			isa = XCConfigurationList;
			buildConfigurations = (
				7B548B032D67674000880796 /* Debug */,
				7B548B042D67674000880796 /* Release */,
			);
			defaultConfigurationIsVisible = 0;
			defaultConfigurationName = Release;
		};
		7B548B052D67674000880796 /* Build configuration list for PBXNativeTarget "URLProtocol_APITestingUITests" */ = {
			isa = XCConfigurationList;
			buildConfigurations = (
				7B548B062D67674000880796 /* Debug */,
				7B548B072D67674000880796 /* Release */,
			);
			defaultConfigurationIsVisible = 0;
			defaultConfigurationName = Release;
		};
/* End XCConfigurationList section */
	};
	rootObject = 7B548AD32D67673F00880796 /* Project object */;
}
